
Microsoft Visual Studio Solution File, Format Version 12.00
# Visual Studio Version 16
VisualStudioVersion = 16.0.31321.278
MinimumVisualStudioVersion = 10.0.40219.1
Project("{9A19103F-16F7-4668-BE54-9A1E7A4F7556}") = "TokenAuthantication", "TokenAuthantication.csproj", "{EEB029BC-5253-413C-B1AD-399947950702}"
EndProject
Global
	GlobalSection(SolutionConfigurationPlatforms) = preSolution
		Debug|Any CPU = Debug|Any CPU
		Release|Any CPU = Release|Any CPU
	EndGlobalSection
	GlobalSection(ProjectConfigurationPlatforms) = postSolution
		{EEB029BC-5253-413C-B1AD-399947950702}.Debug|Any CPU.ActiveCfg = Debug|Any CPU
		{EEB029BC-5253-413C-B1AD-399947950702}.Debug|Any CPU.Build.0 = Debug|Any CPU
		{EEB029BC-5253-413C-B1AD-399947950702}.Release|Any CPU.ActiveCfg = Release|Any CPU
		{EEB029BC-5253-413C-B1AD-399947950702}.Release|Any CPU.Build.0 = Release|Any CPU
	EndGlobalSection
	GlobalSection(SolutionProperties) = preSolution
		HideSolutionNode = FALSE
	EndGlobalSection
	GlobalSection(ExtensibilityGlobals) = postSolution
		SolutionGuid = {D197AAF9-3CDB-4333-B2EC-C360494056A3}
	EndGlobalSection
EndGlobal
